
Microsoft Visual Studio Solution File, Format Version 12.00
# Visual Studio Version 17
VisualStudioVersion = 17.5.33627.172
MinimumVisualStudioVersion = 10.0.40219.1
Project("{FAE04EC0-301F-11D3-BF4B-00C04F79EFBC}") = "Laboratorio Semana 3 IDS345", "Laboratorio Semana 3 IDS345\Laboratorio Semana 3 IDS345.csproj", "{0E7D6D80-93FD-46BD-B40F-F08BC3DF7C0B}"
EndProject
Global
	GlobalSection(SolutionConfigurationPlatforms) = preSolution
		Debug|Any CPU = Debug|Any CPU
		Release|Any CPU = Release|Any CPU
	EndGlobalSection
	GlobalSection(ProjectConfigurationPlatforms) = postSolution
		{0E7D6D80-93FD-46BD-B40F-F08BC3DF7C0B}.Debug|Any CPU.ActiveCfg = Debug|Any CPU
		{0E7D6D80-93FD-46BD-B40F-F08BC3DF7C0B}.Debug|Any CPU.Build.0 = Debug|Any CPU
		{0E7D6D80-93FD-46BD-B40F-F08BC3DF7C0B}.Release|Any CPU.ActiveCfg = Release|Any CPU
		{0E7D6D80-93FD-46BD-B40F-F08BC3DF7C0B}.Release|Any CPU.Build.0 = Release|Any CPU
	EndGlobalSection
	GlobalSection(SolutionProperties) = preSolution
		HideSolutionNode = FALSE
	EndGlobalSection
	GlobalSection(ExtensibilityGlobals) = postSolution
		SolutionGuid = {6FDEC2C9-8D8F-43A8-A1DC-E3516B86840A}
	EndGlobalSection
EndGlobal
